// !$*UTF8*$!
{
	archiveVersion = 1;
	classes = {
	};
	objectVersion = 56;
	objects = {

/* Begin PBXBuildFile section */
		A10000000000000000000001 /* EasyAccountApp.swift in Sources */ = {isa = PBXBuildFile; fileRef = A20000000000000000000001 /* EasyAccountApp.swift */; };
		A10000000000000000000002 /* AppConfig.swift in Sources */ = {isa = PBXBuildFile; fileRef = A20000000000000000000002 /* AppConfig.swift */; };
		A10000000000000000000003 /* AuthModels.swift in Sources */ = {isa = PBXBuildFile; fileRef = A20000000000000000000003 /* AuthModels.swift */; };
		A10000000000000000000004 /* ChatMessage.swift in Sources */ = {isa = PBXBuildFile; fileRef = A20000000000000000000004 /* ChatMessage.swift */; };
		A10000000000000000000005 /* SessionStore.swift in Sources */ = {isa = PBXBuildFile; fileRef = A20000000000000000000005 /* SessionStore.swift */; };
		A10000000000000000000006 /* AuthService.swift in Sources */ = {isa = PBXBuildFile; fileRef = A20000000000000000000006 /* AuthService.swift */; };
		A10000000000000000000007 /* ChatWebSocket.swift in Sources */ = {isa = PBXBuildFile; fileRef = A20000000000000000000007 /* ChatWebSocket.swift */; };
		A10000000000000000000008 /* EasyAccountViewModel.swift in Sources */ = {isa = PBXBuildFile; fileRef = A20000000000000000000008 /* EasyAccountViewModel.swift */; };
		A10000000000000000000009 /* EATheme.swift in Sources */ = {isa = PBXBuildFile; fileRef = A20000000000000000000009 /* EATheme.swift */; };
		A1000000000000000000000A /* EasyAccountRootView.swift in Sources */ = {isa = PBXBuildFile; fileRef = A2000000000000000000000A /* EasyAccountRootView.swift */; };
		A1000000000000000000000B /* LoginView.swift in Sources */ = {isa = PBXBuildFile; fileRef = A2000000000000000000000B /* LoginView.swift */; };
		A1000000000000000000000C /* ChatView.swift in Sources */ = {isa = PBXBuildFile; fileRef = A2000000000000000000000C /* ChatView.swift */; };
		A1000000000000000000000D /* Assets.xcassets in Resources */ = {isa = PBXBuildFile; fileRef = A2000000000000000000000D /* Assets.xcassets */; };
/* End PBXBuildFile section */

/* Begin PBXFileReference section */
		A20000000000000000000001 /* EasyAccountApp.swift */ = {isa = PBXFileReference; lastKnownFileType = sourcecode.swift; path = EasyAccountApp.swift; sourceTree = "<group>"; };
		A20000000000000000000002 /* AppConfig.swift */ = {isa = PBXFileReference; lastKnownFileType = sourcecode.swift; path = AppConfig.swift; sourceTree = "<group>"; };
		A20000000000000000000003 /* AuthModels.swift */ = {isa = PBXFileReference; lastKnownFileType = sourcecode.swift; path = AuthModels.swift; sourceTree = "<group>"; };
		A20000000000000000000004 /* ChatMessage.swift */ = {isa = PBXFileReference; lastKnownFileType = sourcecode.swift; path = ChatMessage.swift; sourceTree = "<group>"; };
		A20000000000000000000005 /* SessionStore.swift */ = {isa = PBXFileReference; lastKnownFileType = sourcecode.swift; path = SessionStore.swift; sourceTree = "<group>"; };
		A20000000000000000000006 /* AuthService.swift */ = {isa = PBXFileReference; lastKnownFileType = sourcecode.swift; path = AuthService.swift; sourceTree = "<group>"; };
		A20000000000000000000007 /* ChatWebSocket.swift */ = {isa = PBXFileReference; lastKnownFileType = sourcecode.swift; path = ChatWebSocket.swift; sourceTree = "<group>"; };
		A20000000000000000000008 /* EasyAccountViewModel.swift */ = {isa = PBXFileReference; lastKnownFileType = sourcecode.swift; path = EasyAccountViewModel.swift; sourceTree = "<group>"; };
		A20000000000000000000009 /* EATheme.swift */ = {isa = PBXFileReference; lastKnownFileType = sourcecode.swift; path = EATheme.swift; sourceTree = "<group>"; };
		A2000000000000000000000A /* EasyAccountRootView.swift */ = {isa = PBXFileReference; lastKnownFileType = sourcecode.swift; path = EasyAccountRootView.swift; sourceTree = "<group>"; };
		A2000000000000000000000B /* LoginView.swift */ = {isa = PBXFileReference; lastKnownFileType = sourcecode.swift; path = LoginView.swift; sourceTree = "<group>"; };
		A2000000000000000000000C /* ChatView.swift */ = {isa = PBXFileReference; lastKnownFileType = sourcecode.swift; path = ChatView.swift; sourceTree = "<group>"; };
		A2000000000000000000000D /* Assets.xcassets */ = {isa = PBXFileReference; lastKnownFileType = folder.assetcatalog; path = Assets.xcassets; sourceTree = "<group>"; };
		A2000000000000000000000E /* Info.plist */ = {isa = PBXFileReference; lastKnownFileType = text.plist.xml; path = Info.plist; sourceTree = "<group>"; };
		A30000000000000000000001 /* EasyAccount.app */ = {isa = PBXFileReference; explicitFileType = wrapper.application; includeInIndex = 0; path = EasyAccount.app; sourceTree = BUILT_PRODUCTS_DIR; };
/* End PBXFileReference section */

/* Begin PBXFrameworksBuildPhase section */
		A40000000000000000000001 /* Frameworks */ = {
			isa = PBXFrameworksBuildPhase;
			buildActionMask = 2147483647;
			files = (
			);
			runOnlyForDeploymentPostprocessing = 0;
		};
/* End PBXFrameworksBuildPhase section */

/* Begin PBXGroup section */
		A50000000000000000000001 = {
			isa = PBXGroup;
			children = (
				A50000000000000000000002 /* EasyAccount */,
				A50000000000000000000003 /* Products */,
			);
			sourceTree = "<group>";
		};
		A50000000000000000000002 /* EasyAccount */ = {
			isa = PBXGroup;
			children = (
				A20000000000000000000001 /* EasyAccountApp.swift */,
				A20000000000000000000002 /* AppConfig.swift */,
				A50000000000000000000004 /* Models */,
				A50000000000000000000005 /* Services */,
				A50000000000000000000006 /* ViewModels */,
				A50000000000000000000007 /* Theme */,
				A50000000000000000000008 /* Views */,
				A2000000000000000000000D /* Assets.xcassets */,
				A2000000000000000000000E /* Info.plist */,
			);
			path = EasyAccount;
			sourceTree = "<group>";
		};
		A50000000000000000000003 /* Products */ = {
			isa = PBXGroup;
			children = (
				A30000000000000000000001 /* EasyAccount.app */,
			);
			name = Products;
			sourceTree = "<group>";
		};
		A50000000000000000000004 /* Models */ = {
			isa = PBXGroup;
			children = (
				A20000000000000000000003 /* AuthModels.swift */,
				A20000000000000000000004 /* ChatMessage.swift */,
			);
			path = Models;
			sourceTree = "<group>";
		};
		A50000000000000000000005 /* Services */ = {
			isa = PBXGroup;
			children = (
				A20000000000000000000005 /* SessionStore.swift */,
				A20000000000000000000006 /* AuthService.swift */,
				A20000000000000000000007 /* ChatWebSocket.swift */,
			);
			path = Services;
			sourceTree = "<group>";
		};
		A50000000000000000000006 /* ViewModels */ = {
			isa = PBXGroup;
			children = (
				A20000000000000000000008 /* EasyAccountViewModel.swift */,
			);
			path = ViewModels;
			sourceTree = "<group>";
		};
		A50000000000000000000007 /* Theme */ = {
			isa = PBXGroup;
			children = (
				A20000000000000000000009 /* EATheme.swift */,
			);
			path = Theme;
			sourceTree = "<group>";
		};
		A50000000000000000000008 /* Views */ = {
			isa = PBXGroup;
			children = (
				A2000000000000000000000A /* EasyAccountRootView.swift */,
				A2000000000000000000000B /* LoginView.swift */,
				A2000000000000000000000C /* ChatView.swift */,
			);
			path = Views;
			sourceTree = "<group>";
		};
/* End PBXGroup section */

/* Begin PBXNativeTarget section */
		A60000000000000000000001 /* EasyAccount */ = {
			isa = PBXNativeTarget;
			buildConfigurationList = A80000000000000000000003 /* Build configuration list for PBXNativeTarget "EasyAccount" */;
			buildPhases = (
				A70000000000000000000001 /* Sources */,
				A40000000000000000000001 /* Frameworks */,
				A70000000000000000000002 /* Resources */,
			);
			buildRules = (
			);
			dependencies = (
			);
			name = EasyAccount;
			productName = EasyAccount;
			productReference = A30000000000000000000001 /* EasyAccount.app */;
			productType = "com.apple.product-type.application";
		};
/* End PBXNativeTarget section */

/* Begin PBXProject section */
		A90000000000000000000001 /* Project object */ = {
			isa = PBXProject;
			attributes = {
				BuildIndependentTargetsInParallel = 1;
				LastSwiftUpdateCheck = 1500;
				LastUpgradeCheck = 1500;
				TargetAttributes = {
					A60000000000000000000001 = {
						CreatedOnToolsVersion = 15.0;
					};
				};
			};
			buildConfigurationList = A80000000000000000000001 /* Build configuration list for PBXProject "EasyAccount" */;
			compatibilityVersion = "Xcode 14.0";
			developmentRegion = "zh-Hans";
			hasScannedForEncodings = 0;
			knownRegions = (
				en,
				Base,
				"zh-Hans",
			);
			mainGroup = A50000000000000000000001;
			productRefGroup = A50000000000000000000003 /* Products */;
			projectDirPath = "";
			projectRoot = "";
			targets = (
				A60000000000000000000001 /* EasyAccount */,
			);
		};
/* End PBXProject section */

/* Begin PBXResourcesBuildPhase section */
		A70000000000000000000002 /* Resources */ = {
			isa = PBXResourcesBuildPhase;
			buildActionMask = 2147483647;
			files = (
				A1000000000000000000000D /* Assets.xcassets in Resources */,
			);
			runOnlyForDeploymentPostprocessing = 0;
		};
/* End PBXResourcesBuildPhase section */

/* Begin PBXSourcesBuildPhase section */
		A70000000000000000000001 /* Sources */ = {
			isa = PBXSourcesBuildPhase;
			buildActionMask = 2147483647;
			files = (
				A10000000000000000000001 /* EasyAccountApp.swift in Sources */,
				A10000000000000000000002 /* AppConfig.swift in Sources */,
				A10000000000000000000003 /* AuthModels.swift in Sources */,
				A10000000000000000000004 /* ChatMessage.swift in Sources */,
				A10000000000000000000005 /* SessionStore.swift in Sources */,
				A10000000000000000000006 /* AuthService.swift in Sources */,
				A10000000000000000000007 /* ChatWebSocket.swift in Sources */,
				A10000000000000000000008 /* EasyAccountViewModel.swift in Sources */,
				A10000000000000000000009 /* EATheme.swift in Sources */,
				A1000000000000000000000A /* EasyAccountRootView.swift in Sources */,
				A1000000000000000000000B /* LoginView.swift in Sources */,
				A1000000000000000000000C /* ChatView.swift in Sources */,
			);
			runOnlyForDeploymentPostprocessing = 0;
		};
/* End PBXSourcesBuildPhase section */

/* Begin XCBuildConfiguration section */
		A80000000000000000000011 /* Debug */ = {
			isa = XCBuildConfiguration;
			buildSettings = {
				ALWAYS_SEARCH_USER_PATHS = NO;
				CLANG_ENABLE_MODULES = YES;
				CLANG_ENABLE_OBJC_ARC = YES;
				COPY_PHASE_STRIP = NO;
				DEBUG_INFORMATION_FORMAT = dwarf;
				ENABLE_TESTABILITY = YES;
				GCC_DYNAMIC_NO_PIC = NO;
				GCC_OPTIMIZATION_LEVEL = 0;
				IPHONEOS_DEPLOYMENT_TARGET = 17.0;
				MTL_ENABLE_DEBUG_INFO = INCLUDE_SOURCE;
				ONLY_ACTIVE_ARCH = YES;
				SDKROOT = iphoneos;
				SWIFT_ACTIVE_COMPILATION_CONDITIONS = DEBUG;
				SWIFT_OPTIMIZATION_LEVEL = "-Onone";
			};
			name = Debug;
		};
		A80000000000000000000012 /* Release */ = {
			isa = XCBuildConfiguration;
			buildSettings = {
				ALWAYS_SEARCH_USER_PATHS = NO;
				CLANG_ENABLE_MODULES = YES;
				CLANG_ENABLE_OBJC_ARC = YES;
				COPY_PHASE_STRIP = NO;
				DEBUG_INFORMATION_FORMAT = "dwarf-with-dsym";
				IPHONEOS_DEPLOYMENT_TARGET = 17.0;
				MTL_ENABLE_DEBUG_INFO = NO;
				SDKROOT = iphoneos;
				SWIFT_COMPILATION_MODE = wholemodule;
				VALIDATE_PRODUCT = YES;
			};
			name = Release;
		};
		A80000000000000000000021 /* Debug */ = {
			isa = XCBuildConfiguration;
			buildSettings = {
				ASSETCATALOG_COMPILER_APPICON_NAME = AppIcon;
				ASSETCATALOG_COMPILER_GLOBAL_ACCENT_COLOR_NAME = AccentColor;
				CODE_SIGN_STYLE = Automatic;
				CURRENT_PROJECT_VERSION = 1;
				DEVELOPMENT_TEAM = "";
				ENABLE_PREVIEWS = YES;
				GENERATE_INFOPLIST_FILE = NO;
				INFOPLIST_FILE = EasyAccount/Info.plist;
				INFOPLIST_KEY_UIApplicationSupportsIndirectInputEvents = YES;
				LD_RUNPATH_SEARCH_PATHS = (
					"$(inherited)",
					"@executable_path/Frameworks",
				);
				MARKETING_VERSION = 1.0;
				PRODUCT_BUNDLE_IDENTIFIER = com.rockyshen.EasyAccount;
				PRODUCT_NAME = "$(TARGET_NAME)";
				SUPPORTED_PLATFORMS = "iphoneos iphonesimulator";
				SUPPORTS_MACCATALYST = NO;
				SWIFT_EMIT_LOC_STRINGS = YES;
				SWIFT_VERSION = 5.0;
				TARGETED_DEVICE_FAMILY = "1,2";
			};
			name = Debug;
		};
		A80000000000000000000022 /* Release */ = {
			isa = XCBuildConfiguration;
			buildSettings = {
				ASSETCATALOG_COMPILER_APPICON_NAME = AppIcon;
				ASSETCATALOG_COMPILER_GLOBAL_ACCENT_COLOR_NAME = AccentColor;
				CODE_SIGN_STYLE = Automatic;
				CURRENT_PROJECT_VERSION = 1;
				DEVELOPMENT_TEAM = "";
				ENABLE_PREVIEWS = YES;
				GENERATE_INFOPLIST_FILE = NO;
				INFOPLIST_FILE = EasyAccount/Info.plist;
				INFOPLIST_KEY_UIApplicationSupportsIndirectInputEvents = YES;
				LD_RUNPATH_SEARCH_PATHS = (
					"$(inherited)",
					"@executable_path/Frameworks",
				);
				MARKETING_VERSION = 1.0;
				PRODUCT_BUNDLE_IDENTIFIER = com.rockyshen.EasyAccount;
				PRODUCT_NAME = "$(TARGET_NAME)";
				SUPPORTED_PLATFORMS = "iphoneos iphonesimulator";
				SUPPORTS_MACCATALYST = NO;
				SWIFT_EMIT_LOC_STRINGS = YES;
				SWIFT_VERSION = 5.0;
				TARGETED_DEVICE_FAMILY = "1,2";
			};
			name = Release;
		};
/* End XCBuildConfiguration section */

/* Begin XCConfigurationList section */
		A80000000000000000000001 /* Build configuration list for PBXProject "EasyAccount" */ = {
			isa = XCConfigurationList;
			buildConfigurations = (
				A80000000000000000000011 /* Debug */,
				A80000000000000000000012 /* Release */,
			);
			defaultConfigurationIsVisible = 0;
			defaultConfigurationName = Release;
		};
		A80000000000000000000003 /* Build configuration list for PBXNativeTarget "EasyAccount" */ = {
			isa = XCConfigurationList;
			buildConfigurations = (
				A80000000000000000000021 /* Debug */,
				A80000000000000000000022 /* Release */,
			);
			defaultConfigurationIsVisible = 0;
			defaultConfigurationName = Release;
		};
/* End XCConfigurationList section */
	};
	rootObject = A90000000000000000000001 /* Project object */;
}
